
Microsoft Visual Studio Solution File, Format Version 12.00
# Visual Studio 15
VisualStudioVersion = 15.0.28307.1062
MinimumVisualStudioVersion = 10.0.40219.1
Project("{888888A0-9F3D-457C-B088-3A5042F75D52}") = "PythonWebSeverCallsBackToExcel", "PythonWebSeverCallsBackToExcel\PythonWebSeverCallsBackToExcel.pyproj", "{121289C4-539D-4DEC-8CF8-E23E86F32FDA}"
EndProject
Global
	GlobalSection(SolutionConfigurationPlatforms) = preSolution
		Debug|Any CPU = Debug|Any CPU
		Release|Any CPU = Release|Any CPU
	EndGlobalSection
	GlobalSection(ProjectConfigurationPlatforms) = postSolution
		{121289C4-539D-4DEC-8CF8-E23E86F32FDA}.Debug|Any CPU.ActiveCfg = Debug|Any CPU
		{121289C4-539D-4DEC-8CF8-E23E86F32FDA}.Release|Any CPU.ActiveCfg = Release|Any CPU
	EndGlobalSection
	GlobalSection(SolutionProperties) = preSolution
		HideSolutionNode = FALSE
	EndGlobalSection
	GlobalSection(ExtensibilityGlobals) = postSolution
		SolutionGuid = {B2F8B4A7-2C71-426B-B15E-B4FFE8EC98D8}
	EndGlobalSection
EndGlobal
